
Microsoft Visual Studio Solution File, Format Version 12.00
# Visual Studio Version 17
VisualStudioVersion = 17.0.31903.59
MinimumVisualStudioVersion = 10.0.40219.1
Project("{FAE04EC0-301F-11D3-BF4B-00C04F79EFBC}") = "NextPermutation", "NextPermutation\NextPermutation.csproj", "{520C9A8C-D26D-4469-8D59-616313E58241}"
EndProject
Project("{FAE04EC0-301F-11D3-BF4B-00C04F79EFBC}") = "NextPermutation.Test", "NextPermutation.Test\NextPermutation.Test.csproj", "{B261E3AB-4908-4447-B820-C7179D592F3F}"
EndProject
Global
	GlobalSection(SolutionConfigurationPlatforms) = preSolution
		Debug|Any CPU = Debug|Any CPU
		Release|Any CPU = Release|Any CPU
	EndGlobalSection
	GlobalSection(SolutionProperties) = preSolution
		HideSolutionNode = FALSE
	EndGlobalSection
	GlobalSection(ProjectConfigurationPlatforms) = postSolution
		{520C9A8C-D26D-4469-8D59-616313E58241}.Debug|Any CPU.ActiveCfg = Debug|Any CPU
		{520C9A8C-D26D-4469-8D59-616313E58241}.Debug|Any CPU.Build.0 = Debug|Any CPU
		{520C9A8C-D26D-4469-8D59-616313E58241}.Release|Any CPU.ActiveCfg = Release|Any CPU
		{520C9A8C-D26D-4469-8D59-616313E58241}.Release|Any CPU.Build.0 = Release|Any CPU
		{B261E3AB-4908-4447-B820-C7179D592F3F}.Debug|Any CPU.ActiveCfg = Debug|Any CPU
		{B261E3AB-4908-4447-B820-C7179D592F3F}.Debug|Any CPU.Build.0 = Debug|Any CPU
		{B261E3AB-4908-4447-B820-C7179D592F3F}.Release|Any CPU.ActiveCfg = Release|Any CPU
		{B261E3AB-4908-4447-B820-C7179D592F3F}.Release|Any CPU.Build.0 = Release|Any CPU
	EndGlobalSection
EndGlobal
